
Microsoft Visual Studio Solution File, Format Version 12.00
# Visual Studio Version 17
VisualStudioVersion = 17.12.35323.107
MinimumVisualStudioVersion = 10.0.40219.1
Project("{FAE04EC0-301F-11D3-BF4B-00C04F79EFBC}") = "QLKS_Nhom11", "QLKS_Nhom11\QLKS_Nhom11.csproj", "{A9FF2554-FF4D-480C-8DBB-FFD375D0DCDA}"
EndProject
Global
	GlobalSection(SolutionConfigurationPlatforms) = preSolution
		Debug|Any CPU = Debug|Any CPU
		Release|Any CPU = Release|Any CPU
	EndGlobalSection
	GlobalSection(ProjectConfigurationPlatforms) = postSolution
		{A9FF2554-FF4D-480C-8DBB-FFD375D0DCDA}.Debug|Any CPU.ActiveCfg = Debug|Any CPU
		{A9FF2554-FF4D-480C-8DBB-FFD375D0DCDA}.Debug|Any CPU.Build.0 = Debug|Any CPU
		{A9FF2554-FF4D-480C-8DBB-FFD375D0DCDA}.Release|Any CPU.ActiveCfg = Release|Any CPU
		{A9FF2554-FF4D-480C-8DBB-FFD375D0DCDA}.Release|Any CPU.Build.0 = Release|Any CPU
	EndGlobalSection
	GlobalSection(SolutionProperties) = preSolution
		HideSolutionNode = FALSE
	EndGlobalSection
	GlobalSection(ExtensibilityGlobals) = postSolution
		SolutionGuid = {4E373355-55CD-4800-98F6-D0ECE3BC7A58}
	EndGlobalSection
EndGlobal
